
Microsoft Visual Studio Solution File, Format Version 12.00
# Visual Studio Version 17
VisualStudioVersion = 17.10.35122.118
MinimumVisualStudioVersion = 10.0.40219.1
Project("{9A19103F-16F7-4668-BE54-9A1E7A4F7556}") = "[Deprecated] Plant Health", "Plant Health\[Deprecated] Plant Health.csproj", "{C8764579-CB19-41E9-8575-390A99ED1438}"
EndProject
Project("{9A19103F-16F7-4668-BE54-9A1E7A4F7556}") = "[Deprecated] Zombie Health", "Zombie Health\[Deprecated] Zombie Health.csproj", "{CF38016C-474C-4BF1-8884-5EAC1479D84E}"
EndProject
Project("{9A19103F-16F7-4668-BE54-9A1E7A4F7556}") = "[Deprecated] Better Time Stop", "Better Time Stop\[Deprecated] Better Time Stop.csproj", "{D1E6D00C-8749-4B39-839C-F2F27360B497}"
EndProject
Project("{9A19103F-16F7-4668-BE54-9A1E7A4F7556}") = "Better Pumpkin Fusion", "Better Pumpkin Fusion\Better Pumpkin Fusion.csproj", "{4B1BD5C6-59B8-4B01-9202-7276B775C4F0}"
EndProject
Project("{9A19103F-16F7-4668-BE54-9A1E7A4F7556}") = "Odyssey Buffs", "Odyssey Buffs\Odyssey Buffs.csproj", "{81CD911D-4D92-42C5-B448-EBFF96DA39D1}"
EndProject
Project("{9A19103F-16F7-4668-BE54-9A1E7A4F7556}") = "Plant Conveyor", "Plant Conveyor\Plant Conveyor.csproj", "{F68762F7-6C85-43C2-B2AB-5E1A718E9B63}"
EndProject
Project("{9A19103F-16F7-4668-BE54-9A1E7A4F7556}") = "Seed Rain Overhaul", "Seed Rain Overhaul\Seed Rain Overhaul.csproj", "{523B570D-67F4-4415-98C4-345140D7DF06}"
EndProject
Project("{9A19103F-16F7-4668-BE54-9A1E7A4F7556}") = "Better Game Speed", "Better Game Speed\Better Game Speed.csproj", "{8C62C95A-B4A2-4640-8B1D-CCD97562DD39}"
EndProject
Project("{9A19103F-16F7-4668-BE54-9A1E7A4F7556}") = "Plant and Zombie Spawner", "Plant and Zombie Spawner\Plant and Zombie Spawner.csproj", "{CAE647A6-AA83-4696-8210-67A5FA190B97}"
EndProject
Project("{2150E333-8FDC-42A3-9474-1A3956D46DE8}") = "Solution Items", "Solution Items", "{1E5B5979-8389-4E3F-A32F-6FA3208C764C}"
	ProjectSection(SolutionItems) = preProject
		README.md = README.md
	EndProjectSection
EndProject
Project("{9A19103F-16F7-4668-BE54-9A1E7A4F7556}") = "Better Pot Fusion", "Better Pot Fusion\Better Pot Fusion.csproj", "{569692D0-EA33-4189-987B-48A40FE9E012}"
EndProject
Project("{9A19103F-16F7-4668-BE54-9A1E7A4F7556}") = "Utilities", "Utilities\Utilities.csproj", "{A629DE3D-7271-4CCE-9779-352C24437418}"
EndProject
Project("{FAE04EC0-301F-11D3-BF4B-00C04F79EFBC}") = "No Craters", "No Craters\No Craters.csproj", "{835A80A8-9ED3-4CFB-9935-23F43DF526EB}"
EndProject
Project("{FAE04EC0-301F-11D3-BF4B-00C04F79EFBC}") = "Multi Giftbox", "Multi Giftbox\Multi Giftbox.csproj", "{1C5F9D05-0C0B-4C52-9BE1-6074CC491907}"
EndProject
Global
	GlobalSection(SolutionConfigurationPlatforms) = preSolution
		Debug|Any CPU = Debug|Any CPU
		Release|Any CPU = Release|Any CPU
	EndGlobalSection
	GlobalSection(ProjectConfigurationPlatforms) = postSolution
		{C8764579-CB19-41E9-8575-390A99ED1438}.Debug|Any CPU.ActiveCfg = Debug|Any CPU
		{C8764579-CB19-41E9-8575-390A99ED1438}.Debug|Any CPU.Build.0 = Debug|Any CPU
		{C8764579-CB19-41E9-8575-390A99ED1438}.Release|Any CPU.ActiveCfg = Release|Any CPU
		{C8764579-CB19-41E9-8575-390A99ED1438}.Release|Any CPU.Build.0 = Release|Any CPU
		{CF38016C-474C-4BF1-8884-5EAC1479D84E}.Debug|Any CPU.ActiveCfg = Debug|Any CPU
		{CF38016C-474C-4BF1-8884-5EAC1479D84E}.Debug|Any CPU.Build.0 = Debug|Any CPU
		{CF38016C-474C-4BF1-8884-5EAC1479D84E}.Release|Any CPU.ActiveCfg = Release|Any CPU
		{CF38016C-474C-4BF1-8884-5EAC1479D84E}.Release|Any CPU.Build.0 = Release|Any CPU
		{D1E6D00C-8749-4B39-839C-F2F27360B497}.Debug|Any CPU.ActiveCfg = Debug|Any CPU
		{D1E6D00C-8749-4B39-839C-F2F27360B497}.Debug|Any CPU.Build.0 = Debug|Any CPU
		{D1E6D00C-8749-4B39-839C-F2F27360B497}.Release|Any CPU.ActiveCfg = Release|Any CPU
		{D1E6D00C-8749-4B39-839C-F2F27360B497}.Release|Any CPU.Build.0 = Release|Any CPU
		{4B1BD5C6-59B8-4B01-9202-7276B775C4F0}.Debug|Any CPU.ActiveCfg = Debug|Any CPU
		{4B1BD5C6-59B8-4B01-9202-7276B775C4F0}.Debug|Any CPU.Build.0 = Debug|Any CPU
		{4B1BD5C6-59B8-4B01-9202-7276B775C4F0}.Release|Any CPU.ActiveCfg = Release|Any CPU
		{4B1BD5C6-59B8-4B01-9202-7276B775C4F0}.Release|Any CPU.Build.0 = Release|Any CPU
		{81CD911D-4D92-42C5-B448-EBFF96DA39D1}.Debug|Any CPU.ActiveCfg = Debug|Any CPU
		{81CD911D-4D92-42C5-B448-EBFF96DA39D1}.Debug|Any CPU.Build.0 = Debug|Any CPU
		{81CD911D-4D92-42C5-B448-EBFF96DA39D1}.Release|Any CPU.ActiveCfg = Release|Any CPU
		{81CD911D-4D92-42C5-B448-EBFF96DA39D1}.Release|Any CPU.Build.0 = Release|Any CPU
		{F68762F7-6C85-43C2-B2AB-5E1A718E9B63}.Debug|Any CPU.ActiveCfg = Debug|Any CPU
		{F68762F7-6C85-43C2-B2AB-5E1A718E9B63}.Debug|Any CPU.Build.0 = Debug|Any CPU
		{F68762F7-6C85-43C2-B2AB-5E1A718E9B63}.Release|Any CPU.ActiveCfg = Release|Any CPU
		{F68762F7-6C85-43C2-B2AB-5E1A718E9B63}.Release|Any CPU.Build.0 = Release|Any CPU
		{523B570D-67F4-4415-98C4-345140D7DF06}.Debug|Any CPU.ActiveCfg = Debug|Any CPU
		{523B570D-67F4-4415-98C4-345140D7DF06}.Debug|Any CPU.Build.0 = Debug|Any CPU
		{523B570D-67F4-4415-98C4-345140D7DF06}.Release|Any CPU.ActiveCfg = Release|Any CPU
		{523B570D-67F4-4415-98C4-345140D7DF06}.Release|Any CPU.Build.0 = Release|Any CPU
		{8C62C95A-B4A2-4640-8B1D-CCD97562DD39}.Debug|Any CPU.ActiveCfg = Debug|Any CPU
		{8C62C95A-B4A2-4640-8B1D-CCD97562DD39}.Debug|Any CPU.Build.0 = Debug|Any CPU
		{8C62C95A-B4A2-4640-8B1D-CCD97562DD39}.Release|Any CPU.ActiveCfg = Release|Any CPU
		{8C62C95A-B4A2-4640-8B1D-CCD97562DD39}.Release|Any CPU.Build.0 = Release|Any CPU
		{CAE647A6-AA83-4696-8210-67A5FA190B97}.Debug|Any CPU.ActiveCfg = Debug|Any CPU
		{CAE647A6-AA83-4696-8210-67A5FA190B97}.Debug|Any CPU.Build.0 = Debug|Any CPU
		{CAE647A6-AA83-4696-8210-67A5FA190B97}.Release|Any CPU.ActiveCfg = Release|Any CPU
		{CAE647A6-AA83-4696-8210-67A5FA190B97}.Release|Any CPU.Build.0 = Release|Any CPU
		{569692D0-EA33-4189-987B-48A40FE9E012}.Debug|Any CPU.ActiveCfg = Debug|Any CPU
		{569692D0-EA33-4189-987B-48A40FE9E012}.Debug|Any CPU.Build.0 = Debug|Any CPU
		{569692D0-EA33-4189-987B-48A40FE9E012}.Release|Any CPU.ActiveCfg = Release|Any CPU
		{569692D0-EA33-4189-987B-48A40FE9E012}.Release|Any CPU.Build.0 = Release|Any CPU
		{A629DE3D-7271-4CCE-9779-352C24437418}.Debug|Any CPU.ActiveCfg = Debug|Any CPU
		{A629DE3D-7271-4CCE-9779-352C24437418}.Debug|Any CPU.Build.0 = Debug|Any CPU
		{A629DE3D-7271-4CCE-9779-352C24437418}.Release|Any CPU.ActiveCfg = Release|Any CPU
		{A629DE3D-7271-4CCE-9779-352C24437418}.Release|Any CPU.Build.0 = Release|Any CPU
		{835A80A8-9ED3-4CFB-9935-23F43DF526EB}.Debug|Any CPU.ActiveCfg = Debug|Any CPU
		{835A80A8-9ED3-4CFB-9935-23F43DF526EB}.Debug|Any CPU.Build.0 = Debug|Any CPU
		{835A80A8-9ED3-4CFB-9935-23F43DF526EB}.Release|Any CPU.ActiveCfg = Release|Any CPU
		{835A80A8-9ED3-4CFB-9935-23F43DF526EB}.Release|Any CPU.Build.0 = Release|Any CPU
		{1C5F9D05-0C0B-4C52-9BE1-6074CC491907}.Debug|Any CPU.ActiveCfg = Debug|Any CPU
		{1C5F9D05-0C0B-4C52-9BE1-6074CC491907}.Debug|Any CPU.Build.0 = Debug|Any CPU
		{1C5F9D05-0C0B-4C52-9BE1-6074CC491907}.Release|Any CPU.ActiveCfg = Release|Any CPU
		{1C5F9D05-0C0B-4C52-9BE1-6074CC491907}.Release|Any CPU.Build.0 = Release|Any CPU
	EndGlobalSection
	GlobalSection(SolutionProperties) = preSolution
		HideSolutionNode = FALSE
	EndGlobalSection
	GlobalSection(ExtensibilityGlobals) = postSolution
		SolutionGuid = {093736B4-9AB0-4D5F-BFCA-40333A30845C}
	EndGlobalSection
EndGlobal
