Microsoft Visual Studio Solution File, Format Version 12.00
# Visual Studio Version 17
VisualStudioVersion = 17.5.2.0
MinimumVisualStudioVersion = 10.0.40219.1
Project("{FAE04EC0-301F-11D3-BF4B-00C04F79EFBC}") = "Re", "Re.csproj", "{59638898-CD27-3426-2FF3-836936EAF57F}"
EndProject
Global
	GlobalSection(SolutionConfigurationPlatforms) = preSolution
		Debug|Any CPU = Debug|Any CPU
		Release|Any CPU = Release|Any CPU
	EndGlobalSection
	GlobalSection(ProjectConfigurationPlatforms) = postSolution
		{59638898-CD27-3426-2FF3-836936EAF57F}.Debug|Any CPU.ActiveCfg = Debug|Any CPU
		{59638898-CD27-3426-2FF3-836936EAF57F}.Debug|Any CPU.Build.0 = Debug|Any CPU
		{59638898-CD27-3426-2FF3-836936EAF57F}.Release|Any CPU.ActiveCfg = Release|Any CPU
		{59638898-CD27-3426-2FF3-836936EAF57F}.Release|Any CPU.Build.0 = Release|Any CPU
	EndGlobalSection
	GlobalSection(SolutionProperties) = preSolution
		HideSolutionNode = FALSE
	EndGlobalSection
	GlobalSection(ExtensibilityGlobals) = postSolution
		SolutionGuid = {28029055-2755-402E-A39E-D49AE2033451}
	EndGlobalSection
EndGlobal
